#MicroXplorer Configuration settings - do not modify
Mcu.Family=STM32F7
ProjectManager.MainLocation=Core/Src
STMicroelectronics.X-CUBE-AI.7.0.0.ModelActualCompression-8022bf88b1dc021242c17b8868acda5098f526f31d971d18609ed80daffb148d=0.0
RCC.I2SFreq_Value=96000000
RCC.USART1Freq_Value=16000000
ProjectManager.ProjectFileName=sine_AI.ioc
RCC.SAI1Freq_Value=96000000
STMicroelectronics.X-CUBE-AI.7.0.0.XAaCUBEAaAICcArtificialOoIntelligenceJjCore=true
CORTEX_M7.CPU_ICache=Enabled
RCC.CortexFreq_Value=16000000
RCC.UART7Freq_Value=16000000
STMicroelectronics.X-CUBE-AI.7.0.0.ModelStructureFile-8022bf88b1dc021242c17b8868acda5098f526f31d971d18609ed80daffb148d=sine_model.tflite
ProjectManager.KeepUserCode=true
Mcu.UserName=STM32F746NGHx
Mcu.PinsNb=6
STMicroelectronics.X-CUBE-AI.7.0.0.WorkingBufferStartAddrList=0xFFFFFFFF
STMicroelectronics.X-CUBE-AI.7.0.0.MaximumNumberOfInputLayer=1
ProjectManager.NoMain=false
STMicroelectronics.X-CUBE-AI.7.0.0.InternalRamActivationBufferMaxSize=AI_SINE_AI_DATA_ACTIVATIONS_SIZE
STMicroelectronics.X-CUBE-AI.7.0.0.ReadyForCodeGeneration=true
RCC.PLLCLKFreq_Value=96000000
RCC.PLLQCLKFreq_Value=96000000
ProjectManager.functionlistsort=1-SystemClock_Config-RCC-false-HAL-false,2-MX_TIM3_Init-TIM3-false-HAL-true,3-MX_CRC_Init-CRC-false-HAL-true,0-MX_CORTEX_M7_Init-CORTEX_M7-false-HAL-true
ProjectManager.DefaultFWLocation=true
RCC.PLLI2SRCLKFreq_Value=96000000
RCC.USART2Freq_Value=16000000
ProjectManager.DeletePrevious=true
RCC.UART8Freq_Value=16000000
USART1.IPParameters=VirtualMode-Asynchronous
RCC.LCDTFToutputFreq_Value=48000000
PinOutPanel.RotationAngle=0
PinOutPanel.CurrentBGAView=Top
RCC.FamilyName=M
ProjectManager.StackSize=0x800
STMicroelectronics.X-CUBE-AI.7.0.0.IPParameters=ReadyForCodeGeneration,XAaCUBEAaAICcArtificialOoIntelligenceJjCore,HeapSize,StackSize,ModelName-8022bf88b1dc021242c17b8868acda5098f526f31d971d18609ed80daffb148d,ModelKind-8022bf88b1dc021242c17b8868acda5098f526f31d971d18609ed80daffb148d,ModelHashList,ModelNameList,WorkingBufferStartAddrList,ModelType-8022bf88b1dc021242c17b8868acda5098f526f31d971d18609ed80daffb148d,LatestDirectoryUsed-8022bf88b1dc021242c17b8868acda5098f526f31d971d18609ed80daffb148d,ModelStructureFile-8022bf88b1dc021242c17b8868acda5098f526f31d971d18609ed80daffb148d,ModelMacc-8022bf88b1dc021242c17b8868acda5098f526f31d971d18609ed80daffb148d,ModelActualCompression-8022bf88b1dc021242c17b8868acda5098f526f31d971d18609ed80daffb148d,ModelFlashOccupation-8022bf88b1dc021242c17b8868acda5098f526f31d971d18609ed80daffb148d,ModelRamOccupation-8022bf88b1dc021242c17b8868acda5098f526f31d971d18609ed80daffb148d,ModelCompression-8022bf88b1dc021242c17b8868acda5098f526f31d971d18609ed80daffb148d,ValidationInputFileHistory-8022bf88b1dc021242c17b8868acda5098f526f31d971d18609ed80daffb148d,ValidationOutputFileHistory-8022bf88b1dc021242c17b8868acda5098f526f31d971d18609ed80daffb148d,InternalRamActivationBufferMaxSize,ActivationBufferSizeList,MaximumNumberOfInputLayer,MaximumNumberOfOutputLayer,MaximumSizeOfInputLayer,MaximumSizeOfOutputLayer
STMicroelectronics.X-CUBE-AI.7.0.0.ActivationBufferSizeList=136
RCC.I2C3Freq_Value=16000000
RCC.LPTIM1Freq_Value=16000000
USART1.VirtualMode-Asynchronous=VM_ASYNC
Mcu.IP4=SYS
RCC.FCLKCortexFreq_Value=16000000
Mcu.IP5=TIM3
Mcu.IP2=NVIC
NVIC.SVCall_IRQn=true\:0\:0\:false\:false\:true\:false\:false
Mcu.IP3=RCC
Mcu.IP0=CORTEX_M7
PA9.Mode=Asynchronous
Mcu.IP1=CRC
Mcu.UserConstants=
ProjectManager.TargetToolchain=STM32CubeIDE
RCC.SDMMCFreq_Value=16000000
RCC.USART6Freq_Value=16000000
Mcu.ThirdPartyNb=1
VP_CRC_VS_CRC.Signal=CRC_VS_CRC
RCC.HCLKFreq_Value=16000000
RCC.I2C4Freq_Value=16000000
Mcu.IPNb=7
ProjectManager.PreviousToolchain=
RCC.APB2TimFreq_Value=16000000
PA9.Signal=USART1_TX
RCC.SPDIFRXFreq_Value=96000000
STMicroelectronics.X-CUBE-AI.7.0.0.MaximumSizeOfInputLayer=AI_SINE_AI_IN_1_SIZE_BYTES
RCC.SAI2Freq_Value=96000000
ProjectManager.RegisterCallBack=
RCC.USBFreq_Value=96000000
RCC.VCOSAIOutputFreq_Value=192000000
STMicroelectronics.X-CUBE-AI.7.0.0.ModelKind-8022bf88b1dc021242c17b8868acda5098f526f31d971d18609ed80daffb148d=TFLITE
STMicroelectronics.X-CUBE-AI.7.0.0.ValidationOutputFileHistory-8022bf88b1dc021242c17b8868acda5098f526f31d971d18609ed80daffb148d=
RCC.PLLSAIoutputFreq_Value=96000000
VP_TIM3_VS_ClockSourceINT.Signal=TIM3_VS_ClockSourceINT
RCC.LSE_VALUE=32768
RCC.AHBFreq_Value=16000000
STMicroelectronics.X-CUBE-AI.7.0.0.MaximumSizeOfOutputLayer=AI_SINE_AI_OUT_1_SIZE_BYTES
Mcu.Pin0=PB7
Mcu.Pin1=PA9
Mcu.Pin2=VP_CRC_VS_CRC
Mcu.Pin3=VP_SYS_VS_Systick
RCC.USART3Freq_Value=16000000
Mcu.Pin4=VP_TIM3_VS_ClockSourceINT
RCC.VCOI2SOutputFreq_Value=192000000
Mcu.Pin5=VP_STMicroelectronics.X-CUBE-AI_VS_ArtificialOoIntelligenceJjXAaCUBEAaAI_7.0.0
RCC.PLLSAIRCLKFreq_Value=96000000
ProjectManager.ProjectBuild=false
RCC.HSE_VALUE=25000000
NVIC.UsageFault_IRQn=true\:0\:0\:false\:false\:true\:false\:false
NVIC.DebugMonitor_IRQn=true\:0\:0\:false\:false\:true\:false\:false
STMicroelectronics.X-CUBE-AI.7.0.0.ModelCompression-8022bf88b1dc021242c17b8868acda5098f526f31d971d18609ed80daffb148d=1
STMicroelectronics.X-CUBE-AI.7.0.0.MaximumNumberOfOutputLayer=1
RCC.PLLSAIPCLKFreq_Value=96000000
STMicroelectronics.X-CUBE-AI.7.0.0.ModelFlashOccupation-8022bf88b1dc021242c17b8868acda5098f526f31d971d18609ed80daffb148d=1284
board=custom
RCC.VCOOutputFreq_Value=192000000
NVIC.SysTick_IRQn=true\:0\:0\:false\:false\:true\:false\:true
ProjectManager.LastFirmware=true
STMicroelectronics.X-CUBE-AI.7.0.0_SwParameter=XAaCUBEAaAICcArtificialOoIntelligenceJjCore\:true;
ProjectManager.FirmwarePackage=STM32Cube FW_F7 V1.16.1
MxDb.Version=DB.6.0.21
RCC.APB2Freq_Value=16000000
Mcu.ThirdParty0=STMicroelectronics.X-CUBE-AI.7.0.0
RCC.UART4Freq_Value=16000000
ProjectManager.BackupPrevious=false
MxCube.Version=6.2.1
RCC.VCOInputFreq_Value=1000000
STMicroelectronics.X-CUBE-AI.7.0.0.ModelNameList=sine_ai
RCC.I2C1Freq_Value=16000000
RCC.PLLI2SPCLKFreq_Value=96000000
RCC.RNGFreq_Value=96000000
STMicroelectronics.X-CUBE-AI.7.0.0.HeapSize=0x800
TIM3.Prescaler=16-1
File.Version=6
VP_SYS_VS_Systick.Mode=SysTick
RCC.EthernetFreq_Value=16000000
TIM3.IPParameters=Prescaler
STMicroelectronics.X-CUBE-AI.7.0.0.StackSize=0x800
PA9.Locked=true
PB7.Signal=USART1_RX
NVIC.NonMaskableInt_IRQn=true\:0\:0\:false\:false\:true\:false\:false
STMicroelectronics.X-CUBE-AI.7.0.0.ArtificialOoIntelligenceJjXAaCUBEAaAI_Checked=true
NVIC.PendSV_IRQn=true\:0\:0\:false\:false\:true\:false\:false
STMicroelectronics.X-CUBE-AI.7.0.0.ModelName-8022bf88b1dc021242c17b8868acda5098f526f31d971d18609ed80daffb148d=sine_ai
RCC.UART5Freq_Value=16000000
ProjectManager.FreePins=false
RCC.IPParameters=AHBFreq_Value,APB1Freq_Value,APB1TimFreq_Value,APB2Freq_Value,APB2TimFreq_Value,CECFreq_Value,CortexFreq_Value,EthernetFreq_Value,FCLKCortexFreq_Value,FamilyName,HCLKFreq_Value,HSE_VALUE,HSI_VALUE,I2C1Freq_Value,I2C2Freq_Value,I2C3Freq_Value,I2C4Freq_Value,I2SFreq_Value,LCDTFToutputFreq_Value,LPTIM1Freq_Value,LSE_VALUE,LSI_VALUE,MCO2PinFreq_Value,PLLCLKFreq_Value,PLLI2SPCLKFreq_Value,PLLI2SQCLKFreq_Value,PLLI2SRCLKFreq_Value,PLLQCLKFreq_Value,PLLSAIPCLKFreq_Value,PLLSAIQCLKFreq_Value,PLLSAIRCLKFreq_Value,PLLSAIoutputFreq_Value,RNGFreq_Value,SAI1Freq_Value,SAI2Freq_Value,SDMMCFreq_Value,SPDIFRXFreq_Value,SYSCLKFreq_VALUE,UART4Freq_Value,UART5Freq_Value,UART7Freq_Value,UART8Freq_Value,USART1Freq_Value,USART2Freq_Value,USART3Freq_Value,USART6Freq_Value,USBFreq_Value,VCOI2SOutputFreq_Value,VCOInputFreq_Value,VCOOutputFreq_Value,VCOSAIOutputFreq_Value
ProjectManager.AskForMigrate=true
Mcu.Name=STM32F746NGHx
RCC.PLLI2SQCLKFreq_Value=96000000
ProjectManager.HalAssertFull=false
ProjectManager.ProjectName=sine_AI
ProjectManager.UnderRoot=true
CORTEX_M7.IPParameters=CPU_ICache,CPU_DCache
Mcu.IP6=USART1
ProjectManager.CoupleFile=false
RCC.MCO2PinFreq_Value=16000000
RCC.SYSCLKFreq_VALUE=16000000
STMicroelectronics.X-CUBE-AI.7.0.0.ModelRamOccupation-8022bf88b1dc021242c17b8868acda5098f526f31d971d18609ed80daffb148d=136
Mcu.Package=TFBGA216
VP_STMicroelectronics.X-CUBE-AI_VS_ArtificialOoIntelligenceJjXAaCUBEAaAI_7.0.0.Signal=STMicroelectronics.X-CUBE-AI_VS_ArtificialOoIntelligenceJjXAaCUBEAaAI_7.0.0
STMicroelectronics.X-CUBE-AI.7.0.0.ModelMacc-8022bf88b1dc021242c17b8868acda5098f526f31d971d18609ed80daffb148d=353
NVIC.ForceEnableDMAVector=true
KeepUserPlacement=false
STMicroelectronics.X-CUBE-AI.7.0.0.LatestDirectoryUsed-8022bf88b1dc021242c17b8868acda5098f526f31d971d18609ed80daffb148d=/home/me/STM32CubeIDE/workspace_1.6.1/sine_AI
NVIC.MemoryManagement_IRQn=true\:0\:0\:false\:false\:true\:false\:false
ProjectManager.CompilerOptimize=6
ProjectManager.ToolChainLocation=
RCC.LSI_VALUE=32000
VP_SYS_VS_Systick.Signal=SYS_VS_Systick
PB7.Mode=Asynchronous
STMicroelectronics.X-CUBE-AI.7.0.0.ValidationInputFileHistory-8022bf88b1dc021242c17b8868acda5098f526f31d971d18609ed80daffb148d=
ProjectManager.HeapSize=0x800
NVIC.HardFault_IRQn=true\:0\:0\:false\:false\:true\:false\:false
VP_STMicroelectronics.X-CUBE-AI_VS_ArtificialOoIntelligenceJjXAaCUBEAaAI_7.0.0.Mode=ArtificialOoIntelligenceJjXAaCUBEAaAI
ProjectManager.ComputerToolchain=false
RCC.HSI_VALUE=16000000
NVIC.PriorityGroup=NVIC_PRIORITYGROUP_4
RCC.CECFreq_Value=32786.88524590164
RCC.APB1TimFreq_Value=16000000
NVIC.BusFault_IRQn=true\:0\:0\:false\:false\:true\:false\:false
CORTEX_M7.CPU_DCache=Enabled
RCC.I2C2Freq_Value=16000000
RCC.APB1Freq_Value=16000000
VP_CRC_VS_CRC.Mode=CRC_Activate
ProjectManager.CustomerFirmwarePackage=
VP_TIM3_VS_ClockSourceINT.Mode=Internal
ProjectManager.DeviceId=STM32F746NGHx
STMicroelectronics.X-CUBE-AI.7.0.0.ModelHashList=8022bf88b1dc021242c17b8868acda5098f526f31d971d18609ed80daffb148d
STMicroelectronics.X-CUBE-AI.7.0.0.ModelType-8022bf88b1dc021242c17b8868acda5098f526f31d971d18609ed80daffb148d=STM32Cube.AI runtime
ProjectManager.LibraryCopy=1
RCC.PLLSAIQCLKFreq_Value=96000000
isbadioc=false
